
Microsoft Visual Studio Solution File, Format Version 12.00
# Visual Studio Version 16
VisualStudioVersion = 16.0.30114.105
MinimumVisualStudioVersion = 10.0.40219.1
Project("{FAE04EC0-301F-11D3-BF4B-00C04F79EFBC}") = "BasicASP.Net_Web", "BasicASP.Net_Web\BasicASP.Net_Web.csproj", "{2519EF91-4D6D-40C0-8D54-CB3AA08981A0}"
EndProject
Global
	GlobalSection(SolutionConfigurationPlatforms) = preSolution
		Debug|Any CPU = Debug|Any CPU
		Release|Any CPU = Release|Any CPU
	EndGlobalSection
	GlobalSection(ProjectConfigurationPlatforms) = postSolution
		{2519EF91-4D6D-40C0-8D54-CB3AA08981A0}.Debug|Any CPU.ActiveCfg = Debug|Any CPU
		{2519EF91-4D6D-40C0-8D54-CB3AA08981A0}.Debug|Any CPU.Build.0 = Debug|Any CPU
		{2519EF91-4D6D-40C0-8D54-CB3AA08981A0}.Release|Any CPU.ActiveCfg = Release|Any CPU
		{2519EF91-4D6D-40C0-8D54-CB3AA08981A0}.Release|Any CPU.Build.0 = Release|Any CPU
	EndGlobalSection
	GlobalSection(SolutionProperties) = preSolution
		HideSolutionNode = FALSE
	EndGlobalSection
	GlobalSection(ExtensibilityGlobals) = postSolution
		SolutionGuid = {7BAA29CB-16E2-407D-8DC7-22C5A6829388}
	EndGlobalSection
EndGlobal
